
Microsoft Visual Studio Solution File, Format Version 12.00
# Visual Studio 15
VisualStudioVersion = 15.0.26730.16
MinimumVisualStudioVersion = 10.0.40219.1
Project("{FAE04EC0-301F-11D3-BF4B-00C04F79EFBC}") = "CodeWarsAddingBigNumbers", "CodeWarsAddingBigNumbers\CodeWarsAddingBigNumbers.csproj", "{A972233E-F672-4183-9731-98A2C363C04A}"
EndProject
Global
	GlobalSection(SolutionConfigurationPlatforms) = preSolution
		Debug|Any CPU = Debug|Any CPU
		Release|Any CPU = Release|Any CPU
	EndGlobalSection
	GlobalSection(ProjectConfigurationPlatforms) = postSolution
		{A972233E-F672-4183-9731-98A2C363C04A}.Debug|Any CPU.ActiveCfg = Debug|Any CPU
		{A972233E-F672-4183-9731-98A2C363C04A}.Debug|Any CPU.Build.0 = Debug|Any CPU
		{A972233E-F672-4183-9731-98A2C363C04A}.Release|Any CPU.ActiveCfg = Release|Any CPU
		{A972233E-F672-4183-9731-98A2C363C04A}.Release|Any CPU.Build.0 = Release|Any CPU
	EndGlobalSection
	GlobalSection(SolutionProperties) = preSolution
		HideSolutionNode = FALSE
	EndGlobalSection
	GlobalSection(ExtensibilityGlobals) = postSolution
		SolutionGuid = {729A46D4-90F0-4D8E-B8E1-E2E8E378FB58}
	EndGlobalSection
EndGlobal
